
Microsoft Visual Studio Solution File, Format Version 12.00
# Visual Studio 14
VisualStudioVersion = 14.0.24720.0
MinimumVisualStudioVersion = 10.0.40219.1
Project("{8BC9CEB8-8B4A-11D0-8D11-00A0C91BC942}") = "iperf", "iperf\iperf.vcxproj", "{395AF693-687A-464A-B9EE-0C691A361607}"
	ProjectSection(ProjectDependencies) = postProject
		{3527C179-18FA-48E0-8036-121058C83586} = {3527C179-18FA-48E0-8036-121058C83586}
	EndProjectSection
EndProject
Project("{8BC9CEB8-8B4A-11D0-8D11-00A0C91BC942}") = "libiperf", "libiperf\libiperf.vcxproj", "{3527C179-18FA-48E0-8036-121058C83586}"
EndProject
Global
	GlobalSection(SolutionConfigurationPlatforms) = preSolution
		Debug|x64 = Debug|x64
		Debug|x86 = Debug|x86
		Release|x64 = Release|x64
		Release|x86 = Release|x86
	EndGlobalSection
	GlobalSection(ProjectConfigurationPlatforms) = postSolution
		{395AF693-687A-464A-B9EE-0C691A361607}.Debug|x64.ActiveCfg = Debug|x64
		{395AF693-687A-464A-B9EE-0C691A361607}.Debug|x64.Build.0 = Debug|x64
		{395AF693-687A-464A-B9EE-0C691A361607}.Debug|x86.ActiveCfg = Debug|Win32
		{395AF693-687A-464A-B9EE-0C691A361607}.Debug|x86.Build.0 = Debug|Win32
		{395AF693-687A-464A-B9EE-0C691A361607}.Release|x64.ActiveCfg = Release|x64
		{395AF693-687A-464A-B9EE-0C691A361607}.Release|x64.Build.0 = Release|x64
		{395AF693-687A-464A-B9EE-0C691A361607}.Release|x86.ActiveCfg = Release|Win32
		{395AF693-687A-464A-B9EE-0C691A361607}.Release|x86.Build.0 = Release|Win32
		{3527C179-18FA-48E0-8036-121058C83586}.Debug|x64.ActiveCfg = Debug|x64
		{3527C179-18FA-48E0-8036-121058C83586}.Debug|x64.Build.0 = Debug|x64
		{3527C179-18FA-48E0-8036-121058C83586}.Debug|x86.ActiveCfg = Debug|Win32
		{3527C179-18FA-48E0-8036-121058C83586}.Debug|x86.Build.0 = Debug|Win32
		{3527C179-18FA-48E0-8036-121058C83586}.Release|x64.ActiveCfg = Release|x64
		{3527C179-18FA-48E0-8036-121058C83586}.Release|x64.Build.0 = Release|x64
		{3527C179-18FA-48E0-8036-121058C83586}.Release|x86.ActiveCfg = Release|Win32
		{3527C179-18FA-48E0-8036-121058C83586}.Release|x86.Build.0 = Release|Win32
	EndGlobalSection
	GlobalSection(SolutionProperties) = preSolution
		HideSolutionNode = FALSE
	EndGlobalSection
EndGlobal
